
Microsoft Visual Studio Solution File, Format Version 12.00
# Visual Studio Version 17
VisualStudioVersion = 17.13.35828.75
MinimumVisualStudioVersion = 10.0.40219.1
Project("{FAE04EC0-301F-11D3-BF4B-00C04F79EFBC}") = "FlashCards", "PIProjetpCards\FlashCards.csproj", "{3CCFFEAB-B9F9-40D6-9175-A94116CB6041}"
EndProject
Global
	GlobalSection(SolutionConfigurationPlatforms) = preSolution
		Debug|Any CPU = Debug|Any CPU
		Release|Any CPU = Release|Any CPU
	EndGlobalSection
	GlobalSection(ProjectConfigurationPlatforms) = postSolution
		{3CCFFEAB-B9F9-40D6-9175-A94116CB6041}.Debug|Any CPU.ActiveCfg = Debug|Any CPU
		{3CCFFEAB-B9F9-40D6-9175-A94116CB6041}.Debug|Any CPU.Build.0 = Debug|Any CPU
		{3CCFFEAB-B9F9-40D6-9175-A94116CB6041}.Release|Any CPU.ActiveCfg = Release|Any CPU
		{3CCFFEAB-B9F9-40D6-9175-A94116CB6041}.Release|Any CPU.Build.0 = Release|Any CPU
	EndGlobalSection
	GlobalSection(SolutionProperties) = preSolution
		HideSolutionNode = FALSE
	EndGlobalSection
	GlobalSection(ExtensibilityGlobals) = postSolution
		SolutionGuid = {4E1FC8BE-C0A9-4E28-AE6B-8460C021755D}
	EndGlobalSection
EndGlobal
